// !$*UTF8*$!
{
	archiveVersion = 1;
	classes = {
	};
	objectVersion = 46;
	objects = {

/* Begin PBXBuildFile section */
		3F39BE5C1B82672600B54F2E /* RecCalculator.swift in Sources */ = {isa = PBXBuildFile; fileRef = 3F39BE5B1B82672600B54F2E /* RecCalculator.swift */; };
		3FC418571B7BD3180065EF72 /* main.swift in Sources */ = {isa = PBXBuildFile; fileRef = 3FC418561B7BD3180065EF72 /* main.swift */; };
		3FC4185E1B7BD5960065EF72 /* Person.swift in Sources */ = {isa = PBXBuildFile; fileRef = 3FC4185D1B7BD5960065EF72 /* Person.swift */; };
/* End PBXBuildFile section */

/* Begin PBXCopyFilesBuildPhase section */
		3FC418511B7BD3180065EF72 /* CopyFiles */ = {
			isa = PBXCopyFilesBuildPhase;
			buildActionMask = 2147483647;
			dstPath = /usr/share/man/man1/;
			dstSubfolderSpec = 0;
			files = (
			);
			runOnlyForDeploymentPostprocessing = 1;
		};
/* End PBXCopyFilesBuildPhase section */

/* Begin PBXFileReference section */
		3F39BE5B1B82672600B54F2E /* RecCalculator.swift */ = {isa = PBXFileReference; fileEncoding = 4; lastKnownFileType = sourcecode.swift; path = RecCalculator.swift; sourceTree = SOURCE_ROOT; };
		3FC418531B7BD3180065EF72 /* Welcome To Classes */ = {isa = PBXFileReference; explicitFileType = "compiled.mach-o.executable"; includeInIndex = 0; path = "Welcome To Classes"; sourceTree = BUILT_PRODUCTS_DIR; };
		3FC418561B7BD3180065EF72 /* main.swift */ = {isa = PBXFileReference; lastKnownFileType = sourcecode.swift; path = main.swift; sourceTree = "<group>"; };
		3FC4185D1B7BD5960065EF72 /* Person.swift */ = {isa = PBXFileReference; fileEncoding = 4; lastKnownFileType = sourcecode.swift; path = Person.swift; sourceTree = "<group>"; };
		C6863F141CFCBE0F00B4EF8A /* Methoden.playground */ = {isa = PBXFileReference; lastKnownFileType = file.playground; path = Methoden.playground; sourceTree = "<group>"; };
/* End PBXFileReference section */

/* Begin PBXFrameworksBuildPhase section */
		3FC418501B7BD3180065EF72 /* Frameworks */ = {
			isa = PBXFrameworksBuildPhase;
			buildActionMask = 2147483647;
			files = (
			);
			runOnlyForDeploymentPostprocessing = 0;
		};
/* End PBXFrameworksBuildPhase section */

/* Begin PBXGroup section */
		3FC4184A1B7BD3180065EF72 = {
			isa = PBXGroup;
			children = (
				C6863F141CFCBE0F00B4EF8A /* Methoden.playground */,
				3FC418551B7BD3180065EF72 /* Welcome To Classes */,
				3FC418541B7BD3180065EF72 /* Products */,
			);
			sourceTree = "<group>";
		};
		3FC418541B7BD3180065EF72 /* Products */ = {
			isa = PBXGroup;
			children = (
				3FC418531B7BD3180065EF72 /* Welcome To Classes */,
			);
			name = Products;
			sourceTree = "<group>";
		};
		3FC418551B7BD3180065EF72 /* Welcome To Classes */ = {
			isa = PBXGroup;
			children = (
				3FC418561B7BD3180065EF72 /* main.swift */,
				3FC4185D1B7BD5960065EF72 /* Person.swift */,
				3F39BE5B1B82672600B54F2E /* RecCalculator.swift */,
			);
			path = "Welcome To Classes";
			sourceTree = "<group>";
		};
/* End PBXGroup section */

/* Begin PBXNativeTarget section */
		3FC418521B7BD3180065EF72 /* Welcome To Classes */ = {
			isa = PBXNativeTarget;
			buildConfigurationList = 3FC4185A1B7BD3180065EF72 /* Build configuration list for PBXNativeTarget "Welcome To Classes" */;
			buildPhases = (
				3FC4184F1B7BD3180065EF72 /* Sources */,
				3FC418501B7BD3180065EF72 /* Frameworks */,
				3FC418511B7BD3180065EF72 /* CopyFiles */,
			);
			buildRules = (
			);
			dependencies = (
			);
			name = "Welcome To Classes";
			productName = "Welcome To Classes";
			productReference = 3FC418531B7BD3180065EF72 /* Welcome To Classes */;
			productType = "com.apple.product-type.tool";
		};
/* End PBXNativeTarget section */

/* Begin PBXProject section */
		3FC4184B1B7BD3180065EF72 /* Project object */ = {
			isa = PBXProject;
			attributes = {
				LastUpgradeCheck = 0700;
				ORGANIZATIONNAME = "Holger Hinzberg";
				TargetAttributes = {
					3FC418521B7BD3180065EF72 = {
						CreatedOnToolsVersion = 7.0;
						LastSwiftMigration = 0800;
					};
				};
			};
			buildConfigurationList = 3FC4184E1B7BD3180065EF72 /* Build configuration list for PBXProject "Welcome To Classes" */;
			compatibilityVersion = "Xcode 3.2";
			developmentRegion = English;
			hasScannedForEncodings = 0;
			knownRegions = (
				en,
			);
			mainGroup = 3FC4184A1B7BD3180065EF72;
			productRefGroup = 3FC418541B7BD3180065EF72 /* Products */;
			projectDirPath = "";
			projectRoot = "";
			targets = (
				3FC418521B7BD3180065EF72 /* Welcome To Classes */,
			);
		};
/* End PBXProject section */

/* Begin PBXSourcesBuildPhase section */
		3FC4184F1B7BD3180065EF72 /* Sources */ = {
			isa = PBXSourcesBuildPhase;
			buildActionMask = 2147483647;
			files = (
				3FC4185E1B7BD5960065EF72 /* Person.swift in Sources */,
				3FC418571B7BD3180065EF72 /* main.swift in Sources */,
				3F39BE5C1B82672600B54F2E /* RecCalculator.swift in Sources */,
			);
			runOnlyForDeploymentPostprocessing = 0;
		};
/* End PBXSourcesBuildPhase section */

/* Begin XCBuildConfiguration section */
		3FC418581B7BD3180065EF72 /* Debug */ = {
			isa = XCBuildConfiguration;
			buildSettings = {
				ALWAYS_SEARCH_USER_PATHS = NO;
				CLANG_CXX_LANGUAGE_STANDARD = "gnu++0x";
				CLANG_CXX_LIBRARY = "libc++";
				CLANG_ENABLE_MODULES = YES;
				CLANG_ENABLE_OBJC_ARC = YES;
				CLANG_WARN_BOOL_CONVERSION = YES;
				CLANG_WARN_CONSTANT_CONVERSION = YES;
				CLANG_WARN_DIRECT_OBJC_ISA_USAGE = YES_ERROR;
				CLANG_WARN_EMPTY_BODY = YES;
				CLANG_WARN_ENUM_CONVERSION = YES;
				CLANG_WARN_INT_CONVERSION = YES;
				CLANG_WARN_OBJC_ROOT_CLASS = YES_ERROR;
				CLANG_WARN_UNREACHABLE_CODE = YES;
				CLANG_WARN__DUPLICATE_METHOD_MATCH = YES;
				COPY_PHASE_STRIP = NO;
				DEBUG_INFORMATION_FORMAT = dwarf;
				ENABLE_STRICT_OBJC_MSGSEND = YES;
				ENABLE_TESTABILITY = YES;
				GCC_C_LANGUAGE_STANDARD = gnu99;
				GCC_DYNAMIC_NO_PIC = NO;
				GCC_NO_COMMON_BLOCKS = YES;
				GCC_OPTIMIZATION_LEVEL = 0;
				GCC_PREPROCESSOR_DEFINITIONS = (
					"DEBUG=1",
					"$(inherited)",
				);
				GCC_WARN_64_TO_32_BIT_CONVERSION = YES;
				GCC_WARN_ABOUT_RETURN_TYPE = YES_ERROR;
				GCC_WARN_UNDECLARED_SELECTOR = YES;
				GCC_WARN_UNINITIALIZED_AUTOS = YES_AGGRESSIVE;
				GCC_WARN_UNUSED_FUNCTION = YES;
				GCC_WARN_UNUSED_VARIABLE = YES;
				MACOSX_DEPLOYMENT_TARGET = 10.10;
				MTL_ENABLE_DEBUG_INFO = YES;
				ONLY_ACTIVE_ARCH = YES;
				SDKROOT = macosx;
				SWIFT_OPTIMIZATION_LEVEL = "-Onone";
			};
			name = Debug;
		};
		3FC418591B7BD3180065EF72 /* Release */ = {
			isa = XCBuildConfiguration;
			buildSettings = {
				ALWAYS_SEARCH_USER_PATHS = NO;
				CLANG_CXX_LANGUAGE_STANDARD = "gnu++0x";
				CLANG_CXX_LIBRARY = "libc++";
				CLANG_ENABLE_MODULES = YES;
				CLANG_ENABLE_OBJC_ARC = YES;
				CLANG_WARN_BOOL_CONVERSION = YES;
				CLANG_WARN_CONSTANT_CONVERSION = YES;
				CLANG_WARN_DIRECT_OBJC_ISA_USAGE = YES_ERROR;
				CLANG_WARN_EMPTY_BODY = YES;
				CLANG_WARN_ENUM_CONVERSION = YES;
				CLANG_WARN_INT_CONVERSION = YES;
				CLANG_WARN_OBJC_ROOT_CLASS = YES_ERROR;
				CLANG_WARN_UNREACHABLE_CODE = YES;
				CLANG_WARN__DUPLICATE_METHOD_MATCH = YES;
				COPY_PHASE_STRIP = NO;
				DEBUG_INFORMATION_FORMAT = "dwarf-with-dsym";
				ENABLE_NS_ASSERTIONS = NO;
				ENABLE_STRICT_OBJC_MSGSEND = YES;
				GCC_C_LANGUAGE_STANDARD = gnu99;
				GCC_NO_COMMON_BLOCKS = YES;
				GCC_WARN_64_TO_32_BIT_CONVERSION = YES;
				GCC_WARN_ABOUT_RETURN_TYPE = YES_ERROR;
				GCC_WARN_UNDECLARED_SELECTOR = YES;
				GCC_WARN_UNINITIALIZED_AUTOS = YES_AGGRESSIVE;
				GCC_WARN_UNUSED_FUNCTION = YES;
				GCC_WARN_UNUSED_VARIABLE = YES;
				MACOSX_DEPLOYMENT_TARGET = 10.10;
				MTL_ENABLE_DEBUG_INFO = NO;
				SDKROOT = macosx;
			};
			name = Release;
		};
		3FC4185B1B7BD3180065EF72 /* Debug */ = {
			isa = XCBuildConfiguration;
			buildSettings = {
				PRODUCT_NAME = "$(TARGET_NAME)";
				SWIFT_VERSION = 3.0;
			};
			name = Debug;
		};
		3FC4185C1B7BD3180065EF72 /* Release */ = {
			isa = XCBuildConfiguration;
			buildSettings = {
				PRODUCT_NAME = "$(TARGET_NAME)";
				SWIFT_VERSION = 3.0;
			};
			name = Release;
		};
/* End XCBuildConfiguration section */

/* Begin XCConfigurationList section */
		3FC4184E1B7BD3180065EF72 /* Build configuration list for PBXProject "Welcome To Classes" */ = {
			isa = XCConfigurationList;
			buildConfigurations = (
				3FC418581B7BD3180065EF72 /* Debug */,
				3FC418591B7BD3180065EF72 /* Release */,
			);
			defaultConfigurationIsVisible = 0;
			defaultConfigurationName = Release;
		};
		3FC4185A1B7BD3180065EF72 /* Build configuration list for PBXNativeTarget "Welcome To Classes" */ = {
			isa = XCConfigurationList;
			buildConfigurations = (
				3FC4185B1B7BD3180065EF72 /* Debug */,
				3FC4185C1B7BD3180065EF72 /* Release */,
			);
			defaultConfigurationIsVisible = 0;
			defaultConfigurationName = Release;
		};
/* End XCConfigurationList section */
	};
	rootObject = 3FC4184B1B7BD3180065EF72 /* Project object */;
}
